dependencies:
- name: loki-stack
  repository: https://grafana.github.io/helm-charts
  version: 2.5.0
- name: postgresql
  repository: https://charts.bitnami.com/bitnami
  version: 10.13.8
- name: cert-manager
  repository: https://charts.bitnami.com/bitnami
  version: 0.1.25
digest: sha256:1f31ebd9df642aa56f3349eb718990f8e00ead1b1a0ff5bafc20c1c258b12ec3
generated: "2021-11-25T15:33:29.948746+02:00"
