dependencies:
- name: loki-stack
  repository: https://grafana.github.io/helm-charts
  version: 2.5.0
- name: postgresql
  repository: https://charts.bitnami.com/bitnami
  version: 10.13.8
digest: sha256:efb89a79c5bfb817ea5ed2bd76b5ecd2a97275aa0605fd43b4f9d2f7d1c50ea2
generated: "2021-11-25T15:56:38.215362+02:00"
