dependencies:
- name: loki-stack
  repository: https://grafana.github.io/helm-charts
  version: 2.5.0
- name: postgresql
  repository: https://charts.bitnami.com/bitnami
  version: 10.13.8
- name: cert-manager
  repository: https://charts.jetstack.io
  version: v1.3.1
digest: sha256:87125f7529bd5a99d6a86a06d5391cc87472b174da8ff36eda1d3e1e09c7e928
generated: "2021-11-25T15:50:55.318353+02:00"
